# generated by rye
# use `rye lock` or `rye sync` to update this lockfile
#
# last locked with the following flags:
#   pre: false
#   features: []
#   all-features: false
#   with-sources: false
#   generate-hashes: false
#   universal: false

-e file:.
numpy==2.2.3
    # via ares
    # via scipy
pygame==2.6.1
    # via ares
scipy==1.15.2
    # via ares